# THIS IS AN AUTOGENERATED FILE. DO NOT EDIT THIS FILE DIRECTLY.
# yarn lockfile v1


"impac-angular@git+https://git@github.com/maestrano/impac-angular.git#1.5.0-rc4":
  version "1.5.0-rc4"
  resolved "git+https://git@github.com/maestrano/impac-angular.git#fff26392ddc0d82215224e24f2a8b4ee39b90c27"

"mno-enterprise-angular@git+https://git@github.com/xaun/mno-enterprise-angular.git#feature/transac-reconcile":
  version "1.0.0"
  resolved "git+https://git@github.com/xaun/mno-enterprise-angular.git#61d0ba55231bab719b01930ae2f4a8af979411cb"

"transac@git+https://git@github.com/xaun/transac.git#master":
  version "0.1.0"
  resolved "git+https://git@github.com/xaun/transac.git#febb7b9333e48e556d028fc471c2338ecdc6f29e"
