# THIS IS AN AUTOGENERATED FILE. DO NOT EDIT THIS FILE DIRECTLY.
# yarn lockfile v1


"impac-angular@git+https://git@github.com/maestrano/impac-angular.git#v1.9.1":
  version "1.9.1"
  resolved "git+https://git@github.com/maestrano/impac-angular.git#8d7af87415e114e7da166359581494e8e640d161"

"mno-enterprise-angular@https://github.com/maestrano/mno-enterprise-angular.git#2.0":
  version "2.0.0-dev"
  resolved "https://github.com/maestrano/mno-enterprise-angular.git#26b26f93a178348340c8a64352ddbf9d5063c4d3"

"mnoe-admin-panel@git+https://git@github.com/maestrano/mnoe-admin-panel.git#2.0":
  version "2.0.0-dev"
  resolved "git+https://git@github.com/maestrano/mnoe-admin-panel.git#aa8b6d6abc8d68a30de87888ce7cddb37740f67e"
